github.com/chillrend/myRectCalcModule v0.0.0-20211015034439-d250cc76a988 h1:0TUCz4Zd7vMINu1Zmk/5OSwCuP/pznek8GbPcYW0WLw=
github.com/chillrend/myRectCalcModule v0.0.0-20211015034439-d250cc76a988/go.mod h1:gPFNgBz2AqhdNa5qQY6Hm9uej3C/YahSGJMbdWgge3c=
github.com/chillrend/myRectCalcModule v0.0.0-20211015040329-493bad915c36 h1:uzLE+26fVzYckLAUvgBWJl/HG/ATZSMh45qBrlpmZ50=
github.com/chillrend/myRectCalcModule v0.0.0-20211015040329-493bad915c36/go.mod h1:gPFNgBz2AqhdNa5qQY6Hm9uej3C/YahSGJMbdWgge3c=
